
Microsoft Visual Studio Solution File, Format Version 12.00
# Visual Studio Version 17
VisualStudioVersion = 17.9.34728.123
MinimumVisualStudioVersion = 10.0.40219.1
Project("{9A19103F-16F7-4668-BE54-9A1E7A4F7556}") = "MusikMacher", "MusikMacher\MusikMacher.csproj", "{37620F1B-A087-4888-ADA4-EFD7324D5791}"
	ProjectSection(ProjectDependencies) = postProject
		{002A31F5-4850-418C-99C2-45D3CC6867E6} = {002A31F5-4850-418C-99C2-45D3CC6867E6}
		{464C6BDB-2713-451C-83CB-6E9E42655610} = {464C6BDB-2713-451C-83CB-6E9E42655610}
		{654DD3CF-35F1-4A01-BED4-B59898F768AB} = {654DD3CF-35F1-4A01-BED4-B59898F768AB}
		{679F998D-A24F-4DC6-B689-7457EB8217E4} = {679F998D-A24F-4DC6-B689-7457EB8217E4}
		{7D9F75E0-9008-4B72-A43F-C877393057DE} = {7D9F75E0-9008-4B72-A43F-C877393057DE}
		{B39FD839-163C-4373-A23B-8017A00BF731} = {B39FD839-163C-4373-A23B-8017A00BF731}
		{B480FEC9-33E1-4D6D-A24D-E6885DA6683D} = {B480FEC9-33E1-4D6D-A24D-E6885DA6683D}
		{B5DB38AC-6926-408D-8500-C8349F382502} = {B5DB38AC-6926-408D-8500-C8349F382502}
		{F4BA9B6B-1B43-4C12-9221-186D10DED946} = {F4BA9B6B-1B43-4C12-9221-186D10DED946}
	EndProjectSection
EndProject
Project("{9A19103F-16F7-4668-BE54-9A1E7A4F7556}") = "NLayer", "NLayer\NLayer\NLayer.csproj", "{B480FEC9-33E1-4D6D-A24D-E6885DA6683D}"
EndProject
Project("{9A19103F-16F7-4668-BE54-9A1E7A4F7556}") = "NLayer.NAudioSupport", "NLayer\NLayer.NAudioSupport\NLayer.NAudioSupport.csproj", "{7D9F75E0-9008-4B72-A43F-C877393057DE}"
EndProject
Project("{9A19103F-16F7-4668-BE54-9A1E7A4F7556}") = "NAudio", "NAudio\NAudio\NAudio.csproj", "{679F998D-A24F-4DC6-B689-7457EB8217E4}"
EndProject
Project("{9A19103F-16F7-4668-BE54-9A1E7A4F7556}") = "NAudio.Core", "NAudio\NAudio.Core\NAudio.Core.csproj", "{464C6BDB-2713-451C-83CB-6E9E42655610}"
EndProject
Project("{9A19103F-16F7-4668-BE54-9A1E7A4F7556}") = "NAudio.WinMM", "NAudio\NAudio.WinMM\NAudio.WinMM.csproj", "{654DD3CF-35F1-4A01-BED4-B59898F768AB}"
EndProject
Project("{9A19103F-16F7-4668-BE54-9A1E7A4F7556}") = "NAudio.WinForms", "NAudio\NAudio.WinForms\NAudio.WinForms.csproj", "{002A31F5-4850-418C-99C2-45D3CC6867E6}"
EndProject
Project("{9A19103F-16F7-4668-BE54-9A1E7A4F7556}") = "NAudio.Midi", "NAudio\NAudio.Midi\NAudio.Midi.csproj", "{B39FD839-163C-4373-A23B-8017A00BF731}"
EndProject
Project("{9A19103F-16F7-4668-BE54-9A1E7A4F7556}") = "NAudio.Asio", "NAudio\NAudio.Asio\NAudio.Asio.csproj", "{F4BA9B6B-1B43-4C12-9221-186D10DED946}"
EndProject
Project("{9A19103F-16F7-4668-BE54-9A1E7A4F7556}") = "NAudio.Wasapi", "NAudio\NAudio.Wasapi\NAudio.Wasapi.csproj", "{B5DB38AC-6926-408D-8500-C8349F382502}"
EndProject
Project("{9A19103F-16F7-4668-BE54-9A1E7A4F7556}") = "NAudio.Extras", "NAudio\NAudio.Extras\NAudio.Extras.csproj", "{0CFAD548-FACC-47CD-BAF9-1C79FB1D9EB9}"
EndProject
Project("{9A19103F-16F7-4668-BE54-9A1E7A4F7556}") = "MusikMacherTest", "MusikMacherTest\MusikMacherTest.csproj", "{E0554835-33C0-4CCA-AC70-24DF05CA78B0}"
EndProject
Project("{FAE04EC0-301F-11D3-BF4B-00C04F79EFBC}") = "CoverartHelper", "CoverartHelper\CoverartHelper.csproj", "{D95B01EB-E994-4D1B-AEC4-47B30C5C1D49}"
EndProject
Global
	GlobalSection(SolutionConfigurationPlatforms) = preSolution
		Debug|Any CPU = Debug|Any CPU
		Debug|x64 = Debug|x64
		Release|Any CPU = Release|Any CPU
		Release|x64 = Release|x64
	EndGlobalSection
	GlobalSection(ProjectConfigurationPlatforms) = postSolution
		{37620F1B-A087-4888-ADA4-EFD7324D5791}.Debug|Any CPU.ActiveCfg = Debug|Any CPU
		{37620F1B-A087-4888-ADA4-EFD7324D5791}.Debug|Any CPU.Build.0 = Debug|Any CPU
		{37620F1B-A087-4888-ADA4-EFD7324D5791}.Debug|x64.ActiveCfg = Debug|x64
		{37620F1B-A087-4888-ADA4-EFD7324D5791}.Debug|x64.Build.0 = Debug|x64
		{37620F1B-A087-4888-ADA4-EFD7324D5791}.Release|Any CPU.ActiveCfg = Release|Any CPU
		{37620F1B-A087-4888-ADA4-EFD7324D5791}.Release|Any CPU.Build.0 = Release|Any CPU
		{37620F1B-A087-4888-ADA4-EFD7324D5791}.Release|x64.ActiveCfg = Release|x64
		{37620F1B-A087-4888-ADA4-EFD7324D5791}.Release|x64.Build.0 = Release|x64
		{B480FEC9-33E1-4D6D-A24D-E6885DA6683D}.Debug|Any CPU.ActiveCfg = Debug|Any CPU
		{B480FEC9-33E1-4D6D-A24D-E6885DA6683D}.Debug|Any CPU.Build.0 = Debug|Any CPU
		{B480FEC9-33E1-4D6D-A24D-E6885DA6683D}.Debug|x64.ActiveCfg = Debug|x64
		{B480FEC9-33E1-4D6D-A24D-E6885DA6683D}.Debug|x64.Build.0 = Debug|x64
		{B480FEC9-33E1-4D6D-A24D-E6885DA6683D}.Release|Any CPU.ActiveCfg = Release|Any CPU
		{B480FEC9-33E1-4D6D-A24D-E6885DA6683D}.Release|Any CPU.Build.0 = Release|Any CPU
		{B480FEC9-33E1-4D6D-A24D-E6885DA6683D}.Release|x64.ActiveCfg = Release|x64
		{B480FEC9-33E1-4D6D-A24D-E6885DA6683D}.Release|x64.Build.0 = Release|x64
		{7D9F75E0-9008-4B72-A43F-C877393057DE}.Debug|Any CPU.ActiveCfg = Debug|Any CPU
		{7D9F75E0-9008-4B72-A43F-C877393057DE}.Debug|Any CPU.Build.0 = Debug|Any CPU
		{7D9F75E0-9008-4B72-A43F-C877393057DE}.Debug|x64.ActiveCfg = Debug|x64
		{7D9F75E0-9008-4B72-A43F-C877393057DE}.Debug|x64.Build.0 = Debug|x64
		{7D9F75E0-9008-4B72-A43F-C877393057DE}.Release|Any CPU.ActiveCfg = Release|Any CPU
		{7D9F75E0-9008-4B72-A43F-C877393057DE}.Release|Any CPU.Build.0 = Release|Any CPU
		{7D9F75E0-9008-4B72-A43F-C877393057DE}.Release|x64.ActiveCfg = Release|x64
		{7D9F75E0-9008-4B72-A43F-C877393057DE}.Release|x64.Build.0 = Release|x64
		{679F998D-A24F-4DC6-B689-7457EB8217E4}.Debug|Any CPU.ActiveCfg = Debug|Any CPU
		{679F998D-A24F-4DC6-B689-7457EB8217E4}.Debug|Any CPU.Build.0 = Debug|Any CPU
		{679F998D-A24F-4DC6-B689-7457EB8217E4}.Debug|x64.ActiveCfg = Debug|x64
		{679F998D-A24F-4DC6-B689-7457EB8217E4}.Debug|x64.Build.0 = Debug|x64
		{679F998D-A24F-4DC6-B689-7457EB8217E4}.Release|Any CPU.ActiveCfg = Release|Any CPU
		{679F998D-A24F-4DC6-B689-7457EB8217E4}.Release|Any CPU.Build.0 = Release|Any CPU
		{679F998D-A24F-4DC6-B689-7457EB8217E4}.Release|x64.ActiveCfg = Release|x64
		{679F998D-A24F-4DC6-B689-7457EB8217E4}.Release|x64.Build.0 = Release|x64
		{464C6BDB-2713-451C-83CB-6E9E42655610}.Debug|Any CPU.ActiveCfg = Debug|Any CPU
		{464C6BDB-2713-451C-83CB-6E9E42655610}.Debug|Any CPU.Build.0 = Debug|Any CPU
		{464C6BDB-2713-451C-83CB-6E9E42655610}.Debug|x64.ActiveCfg = Debug|x64
		{464C6BDB-2713-451C-83CB-6E9E42655610}.Debug|x64.Build.0 = Debug|x64
		{464C6BDB-2713-451C-83CB-6E9E42655610}.Release|Any CPU.ActiveCfg = Release|Any CPU
		{464C6BDB-2713-451C-83CB-6E9E42655610}.Release|Any CPU.Build.0 = Release|Any CPU
		{464C6BDB-2713-451C-83CB-6E9E42655610}.Release|x64.ActiveCfg = Release|x64
		{464C6BDB-2713-451C-83CB-6E9E42655610}.Release|x64.Build.0 = Release|x64
		{654DD3CF-35F1-4A01-BED4-B59898F768AB}.Debug|Any CPU.ActiveCfg = Debug|Any CPU
		{654DD3CF-35F1-4A01-BED4-B59898F768AB}.Debug|Any CPU.Build.0 = Debug|Any CPU
		{654DD3CF-35F1-4A01-BED4-B59898F768AB}.Debug|x64.ActiveCfg = Debug|x64
		{654DD3CF-35F1-4A01-BED4-B59898F768AB}.Debug|x64.Build.0 = Debug|x64
		{654DD3CF-35F1-4A01-BED4-B59898F768AB}.Release|Any CPU.ActiveCfg = Release|Any CPU
		{654DD3CF-35F1-4A01-BED4-B59898F768AB}.Release|Any CPU.Build.0 = Release|Any CPU
		{654DD3CF-35F1-4A01-BED4-B59898F768AB}.Release|x64.ActiveCfg = Release|x64
		{654DD3CF-35F1-4A01-BED4-B59898F768AB}.Release|x64.Build.0 = Release|x64
		{002A31F5-4850-418C-99C2-45D3CC6867E6}.Debug|Any CPU.ActiveCfg = Debug|Any CPU
		{002A31F5-4850-418C-99C2-45D3CC6867E6}.Debug|Any CPU.Build.0 = Debug|Any CPU
		{002A31F5-4850-418C-99C2-45D3CC6867E6}.Debug|x64.ActiveCfg = Debug|x64
		{002A31F5-4850-418C-99C2-45D3CC6867E6}.Debug|x64.Build.0 = Debug|x64
		{002A31F5-4850-418C-99C2-45D3CC6867E6}.Release|Any CPU.ActiveCfg = Release|Any CPU
		{002A31F5-4850-418C-99C2-45D3CC6867E6}.Release|Any CPU.Build.0 = Release|Any CPU
		{002A31F5-4850-418C-99C2-45D3CC6867E6}.Release|x64.ActiveCfg = Release|x64
		{002A31F5-4850-418C-99C2-45D3CC6867E6}.Release|x64.Build.0 = Release|x64
		{B39FD839-163C-4373-A23B-8017A00BF731}.Debug|Any CPU.ActiveCfg = Debug|Any CPU
		{B39FD839-163C-4373-A23B-8017A00BF731}.Debug|Any CPU.Build.0 = Debug|Any CPU
		{B39FD839-163C-4373-A23B-8017A00BF731}.Debug|x64.ActiveCfg = Debug|x64
		{B39FD839-163C-4373-A23B-8017A00BF731}.Debug|x64.Build.0 = Debug|x64
		{B39FD839-163C-4373-A23B-8017A00BF731}.Release|Any CPU.ActiveCfg = Release|Any CPU
		{B39FD839-163C-4373-A23B-8017A00BF731}.Release|Any CPU.Build.0 = Release|Any CPU
		{B39FD839-163C-4373-A23B-8017A00BF731}.Release|x64.ActiveCfg = Release|x64
		{B39FD839-163C-4373-A23B-8017A00BF731}.Release|x64.Build.0 = Release|x64
		{F4BA9B6B-1B43-4C12-9221-186D10DED946}.Debug|Any CPU.ActiveCfg = Debug|Any CPU
		{F4BA9B6B-1B43-4C12-9221-186D10DED946}.Debug|Any CPU.Build.0 = Debug|Any CPU
		{F4BA9B6B-1B43-4C12-9221-186D10DED946}.Debug|x64.ActiveCfg = Debug|x64
		{F4BA9B6B-1B43-4C12-9221-186D10DED946}.Debug|x64.Build.0 = Debug|x64
		{F4BA9B6B-1B43-4C12-9221-186D10DED946}.Release|Any CPU.ActiveCfg = Release|Any CPU
		{F4BA9B6B-1B43-4C12-9221-186D10DED946}.Release|Any CPU.Build.0 = Release|Any CPU
		{F4BA9B6B-1B43-4C12-9221-186D10DED946}.Release|x64.ActiveCfg = Release|x64
		{F4BA9B6B-1B43-4C12-9221-186D10DED946}.Release|x64.Build.0 = Release|x64
		{B5DB38AC-6926-408D-8500-C8349F382502}.Debug|Any CPU.ActiveCfg = Debug|Any CPU
		{B5DB38AC-6926-408D-8500-C8349F382502}.Debug|Any CPU.Build.0 = Debug|Any CPU
		{B5DB38AC-6926-408D-8500-C8349F382502}.Debug|x64.ActiveCfg = Debug|x64
		{B5DB38AC-6926-408D-8500-C8349F382502}.Debug|x64.Build.0 = Debug|x64
		{B5DB38AC-6926-408D-8500-C8349F382502}.Release|Any CPU.ActiveCfg = Release|Any CPU
		{B5DB38AC-6926-408D-8500-C8349F382502}.Release|Any CPU.Build.0 = Release|Any CPU
		{B5DB38AC-6926-408D-8500-C8349F382502}.Release|x64.ActiveCfg = Release|x64
		{B5DB38AC-6926-408D-8500-C8349F382502}.Release|x64.Build.0 = Release|x64
		{0CFAD548-FACC-47CD-BAF9-1C79FB1D9EB9}.Debug|Any CPU.ActiveCfg = Debug|Any CPU
		{0CFAD548-FACC-47CD-BAF9-1C79FB1D9EB9}.Debug|Any CPU.Build.0 = Debug|Any CPU
		{0CFAD548-FACC-47CD-BAF9-1C79FB1D9EB9}.Debug|x64.ActiveCfg = Debug|x64
		{0CFAD548-FACC-47CD-BAF9-1C79FB1D9EB9}.Debug|x64.Build.0 = Debug|x64
		{0CFAD548-FACC-47CD-BAF9-1C79FB1D9EB9}.Release|Any CPU.ActiveCfg = Release|Any CPU
		{0CFAD548-FACC-47CD-BAF9-1C79FB1D9EB9}.Release|Any CPU.Build.0 = Release|Any CPU
		{0CFAD548-FACC-47CD-BAF9-1C79FB1D9EB9}.Release|x64.ActiveCfg = Release|x64
		{0CFAD548-FACC-47CD-BAF9-1C79FB1D9EB9}.Release|x64.Build.0 = Release|x64
		{E0554835-33C0-4CCA-AC70-24DF05CA78B0}.Debug|Any CPU.ActiveCfg = Debug|Any CPU
		{E0554835-33C0-4CCA-AC70-24DF05CA78B0}.Debug|Any CPU.Build.0 = Debug|Any CPU
		{E0554835-33C0-4CCA-AC70-24DF05CA78B0}.Debug|x64.ActiveCfg = Debug|x64
		{E0554835-33C0-4CCA-AC70-24DF05CA78B0}.Debug|x64.Build.0 = Debug|x64
		{E0554835-33C0-4CCA-AC70-24DF05CA78B0}.Release|Any CPU.ActiveCfg = Release|Any CPU
		{E0554835-33C0-4CCA-AC70-24DF05CA78B0}.Release|Any CPU.Build.0 = Release|Any CPU
		{E0554835-33C0-4CCA-AC70-24DF05CA78B0}.Release|x64.ActiveCfg = Release|x64
		{E0554835-33C0-4CCA-AC70-24DF05CA78B0}.Release|x64.Build.0 = Release|x64
		{D95B01EB-E994-4D1B-AEC4-47B30C5C1D49}.Debug|Any CPU.ActiveCfg = Debug|Any CPU
		{D95B01EB-E994-4D1B-AEC4-47B30C5C1D49}.Debug|Any CPU.Build.0 = Debug|Any CPU
		{D95B01EB-E994-4D1B-AEC4-47B30C5C1D49}.Debug|x64.ActiveCfg = Debug|Any CPU
		{D95B01EB-E994-4D1B-AEC4-47B30C5C1D49}.Debug|x64.Build.0 = Debug|Any CPU
		{D95B01EB-E994-4D1B-AEC4-47B30C5C1D49}.Release|Any CPU.ActiveCfg = Release|Any CPU
		{D95B01EB-E994-4D1B-AEC4-47B30C5C1D49}.Release|Any CPU.Build.0 = Release|Any CPU
		{D95B01EB-E994-4D1B-AEC4-47B30C5C1D49}.Release|x64.ActiveCfg = Release|Any CPU
		{D95B01EB-E994-4D1B-AEC4-47B30C5C1D49}.Release|x64.Build.0 = Release|Any CPU
	EndGlobalSection
	GlobalSection(SolutionProperties) = preSolution
		HideSolutionNode = FALSE
	EndGlobalSection
	GlobalSection(ExtensibilityGlobals) = postSolution
		SolutionGuid = {A0DD32AA-346A-46C1-973A-16195772BC48}
	EndGlobalSection
EndGlobal
